
Microsoft Visual Studio Solution File, Format Version 12.00
# Visual Studio 2013
VisualStudioVersion = 12.0.30723.0
MinimumVisualStudioVersion = 10.0.40219.1
Project("{8BC9CEB8-8B4A-11D0-8D11-00A0C91BC942}") = "01.ProtectDataWithMutex", "01.ProtectDataWithMutex\01.ProtectDataWithMutex.vcxproj", "{82DBC1C0-8E6B-4760-BA74-CABED0282769}"
EndProject
Project("{8BC9CEB8-8B4A-11D0-8D11-00A0C91BC942}") = "02.DeadLocks", "02.DeadLocks\02.DeadLocks.vcxproj", "{A99381D4-D170-43C2-B011-E321D43B8042}"
EndProject
Project("{8BC9CEB8-8B4A-11D0-8D11-00A0C91BC942}") = "03.LazyThreadSafeInitialization", "03.LazyThreadSafeInitialization\03.LazyThreadSafeInitialization.vcxproj", "{24E2A355-E7BB-4D8E-995D-64550C48D3E5}"
EndProject
Project("{8BC9CEB8-8B4A-11D0-8D11-00A0C91BC942}") = "04.UniqueLockAndLockGuard", "04.UniqueLockAndLockGuard\04.UniqueLockAndLockGuard.vcxproj", "{1479A7CD-B489-4DEB-95D3-53B3680DE344}"
EndProject
Project("{8BC9CEB8-8B4A-11D0-8D11-00A0C91BC942}") = "05.ThreadSafeStack", "05.ThreadSafeStack\05.ThreadSafeStack.vcxproj", "{0407964B-6277-4FCC-BBAC-F5303041112C}"
EndProject
Global
	GlobalSection(SolutionConfigurationPlatforms) = preSolution
		Debug|Win32 = Debug|Win32
		Release|Win32 = Release|Win32
	EndGlobalSection
	GlobalSection(ProjectConfigurationPlatforms) = postSolution
		{82DBC1C0-8E6B-4760-BA74-CABED0282769}.Debug|Win32.ActiveCfg = Debug|Win32
		{82DBC1C0-8E6B-4760-BA74-CABED0282769}.Debug|Win32.Build.0 = Debug|Win32
		{82DBC1C0-8E6B-4760-BA74-CABED0282769}.Release|Win32.ActiveCfg = Release|Win32
		{82DBC1C0-8E6B-4760-BA74-CABED0282769}.Release|Win32.Build.0 = Release|Win32
		{A99381D4-D170-43C2-B011-E321D43B8042}.Debug|Win32.ActiveCfg = Debug|Win32
		{A99381D4-D170-43C2-B011-E321D43B8042}.Debug|Win32.Build.0 = Debug|Win32
		{A99381D4-D170-43C2-B011-E321D43B8042}.Release|Win32.ActiveCfg = Release|Win32
		{A99381D4-D170-43C2-B011-E321D43B8042}.Release|Win32.Build.0 = Release|Win32
		{24E2A355-E7BB-4D8E-995D-64550C48D3E5}.Debug|Win32.ActiveCfg = Debug|Win32
		{24E2A355-E7BB-4D8E-995D-64550C48D3E5}.Debug|Win32.Build.0 = Debug|Win32
		{24E2A355-E7BB-4D8E-995D-64550C48D3E5}.Release|Win32.ActiveCfg = Release|Win32
		{24E2A355-E7BB-4D8E-995D-64550C48D3E5}.Release|Win32.Build.0 = Release|Win32
		{1479A7CD-B489-4DEB-95D3-53B3680DE344}.Debug|Win32.ActiveCfg = Debug|Win32
		{1479A7CD-B489-4DEB-95D3-53B3680DE344}.Debug|Win32.Build.0 = Debug|Win32
		{1479A7CD-B489-4DEB-95D3-53B3680DE344}.Release|Win32.ActiveCfg = Release|Win32
		{1479A7CD-B489-4DEB-95D3-53B3680DE344}.Release|Win32.Build.0 = Release|Win32
		{0407964B-6277-4FCC-BBAC-F5303041112C}.Debug|Win32.ActiveCfg = Debug|Win32
		{0407964B-6277-4FCC-BBAC-F5303041112C}.Debug|Win32.Build.0 = Debug|Win32
		{0407964B-6277-4FCC-BBAC-F5303041112C}.Release|Win32.ActiveCfg = Release|Win32
		{0407964B-6277-4FCC-BBAC-F5303041112C}.Release|Win32.Build.0 = Release|Win32
	EndGlobalSection
	GlobalSection(SolutionProperties) = preSolution
		HideSolutionNode = FALSE
	EndGlobalSection
EndGlobal
