
Microsoft Visual Studio Solution File, Format Version 12.00
# Visual Studio 14
VisualStudioVersion = 14.0.22823.1
MinimumVisualStudioVersion = 10.0.40219.1
Project("{8BC9CEB8-8B4A-11D0-8D11-00A0C91BC942}") = "01.AvgAndSumInSequence", "01.AvgAndSumInSequence\01.AvgAndSumInSequence.vcxproj", "{3A28F1E3-FCC2-488D-AB67-6B595AA941B6}"
EndProject
Project("{8BC9CEB8-8B4A-11D0-8D11-00A0C91BC942}") = "02.ReverseNumbersUsingStack", "02.ReverseNumbersUsingStack\02.ReverseNumbersUsingStack.vcxproj", "{6FD2C63D-07B3-4771-AED5-610FD0C4EAA7}"
EndProject
Project("{8BC9CEB8-8B4A-11D0-8D11-00A0C91BC942}") = "03.SortSequenceAscending", "03.SortSequenceAscending\03.SortSequenceAscending.vcxproj", "{27DBDE9C-CC9A-4632-964A-C5C8843BDAFE}"
EndProject
Project("{8BC9CEB8-8B4A-11D0-8D11-00A0C91BC942}") = "04.FindLongetSubsequence", "04.FindLongetSubsequence\04.FindLongetSubsequence.vcxproj", "{FDDC2F39-AA79-4B71-B7F7-A9B71249BCA5}"
EndProject
Project("{8BC9CEB8-8B4A-11D0-8D11-00A0C91BC942}") = "05.RemoveNegaviteValues", "05.RemoveNegaviteValues\05.RemoveNegaviteValues.vcxproj", "{596E932C-2ACB-4865-99A1-718E4DBC8899}"
EndProject
Project("{8BC9CEB8-8B4A-11D0-8D11-00A0C91BC942}") = "06.RemoveOddOcurrencess", "06.RemoveOddOcurrencess\06.RemoveOddOcurrencess.vcxproj", "{F75B54B2-AF0F-4D80-A83E-27CB61388F42}"
EndProject
Project("{8BC9CEB8-8B4A-11D0-8D11-00A0C91BC942}") = "07.GetNumberOfOccurences", "07.GetNumberOfOccurences\07.GetNumberOfOccurences.vcxproj", "{44161EAD-CDAD-4C87-B98F-17DAFD2ED9B9}"
EndProject
Project("{8BC9CEB8-8B4A-11D0-8D11-00A0C91BC942}") = "08.FindMajorant", "08.FindMajorant\08.FindMajorant.vcxproj", "{6558ED63-8EE7-43DC-82C9-33368D1BD589}"
EndProject
Project("{8BC9CEB8-8B4A-11D0-8D11-00A0C91BC942}") = "09.PrintSequence", "09.PrintSequence\09.PrintSequence.vcxproj", "{EEA16732-33C1-4856-8FB3-31BACFB43C3B}"
EndProject
Project("{8BC9CEB8-8B4A-11D0-8D11-00A0C91BC942}") = "11.LinkedList", "11.LinkedList\11.LinkedList.vcxproj", "{02C55476-1A6D-49B8-BE83-01FF70B6D60D}"
EndProject
Project("{8BC9CEB8-8B4A-11D0-8D11-00A0C91BC942}") = "12.Stack", "12.Stack\12.Stack.vcxproj", "{529CE81F-E61F-460E-9919-442CD85E4C65}"
EndProject
Project("{8BC9CEB8-8B4A-11D0-8D11-00A0C91BC942}") = "13.LinkedQueue", "13.LinkedQueue\13.LinkedQueue.vcxproj", "{F4F2FF16-431C-4A1C-9CAF-0A28CF05DC1D}"
EndProject
Project("{8BC9CEB8-8B4A-11D0-8D11-00A0C91BC942}") = "14.Labyrinth", "14.Labyrinth\14.Labyrinth.vcxproj", "{C14102F2-A6B0-430C-A126-8B921E786C64}"
EndProject
Project("{8BC9CEB8-8B4A-11D0-8D11-00A0C91BC942}") = "15.DoublyLinkedList", "15.DoublyLinkedList\15.DoublyLinkedList.vcxproj", "{B84C0C14-6977-4EF5-95C5-0FC64CE95ABC}"
EndProject
Project("{8BC9CEB8-8B4A-11D0-8D11-00A0C91BC942}") = "16.CircularQueue", "16.CircularQueue\16.CircularQueue.vcxproj", "{19C4F1E3-95A3-468E-BA8D-FA2DACF0578F}"
EndProject
Project("{8BC9CEB8-8B4A-11D0-8D11-00A0C91BC942}") = "Test.DataStructures", "Test.DataStructures\Test.DataStructures.vcxproj", "{C86DC34B-91A6-4122-99E4-107C174F6FBB}"
EndProject
Global
	GlobalSection(SolutionConfigurationPlatforms) = preSolution
		Debug|Win32 = Debug|Win32
		Release|Win32 = Release|Win32
	EndGlobalSection
	GlobalSection(ProjectConfigurationPlatforms) = postSolution
		{3A28F1E3-FCC2-488D-AB67-6B595AA941B6}.Debug|Win32.ActiveCfg = Debug|Win32
		{3A28F1E3-FCC2-488D-AB67-6B595AA941B6}.Debug|Win32.Build.0 = Debug|Win32
		{3A28F1E3-FCC2-488D-AB67-6B595AA941B6}.Release|Win32.ActiveCfg = Release|Win32
		{3A28F1E3-FCC2-488D-AB67-6B595AA941B6}.Release|Win32.Build.0 = Release|Win32
		{6FD2C63D-07B3-4771-AED5-610FD0C4EAA7}.Debug|Win32.ActiveCfg = Debug|Win32
		{6FD2C63D-07B3-4771-AED5-610FD0C4EAA7}.Debug|Win32.Build.0 = Debug|Win32
		{6FD2C63D-07B3-4771-AED5-610FD0C4EAA7}.Release|Win32.ActiveCfg = Release|Win32
		{6FD2C63D-07B3-4771-AED5-610FD0C4EAA7}.Release|Win32.Build.0 = Release|Win32
		{27DBDE9C-CC9A-4632-964A-C5C8843BDAFE}.Debug|Win32.ActiveCfg = Debug|Win32
		{27DBDE9C-CC9A-4632-964A-C5C8843BDAFE}.Debug|Win32.Build.0 = Debug|Win32
		{27DBDE9C-CC9A-4632-964A-C5C8843BDAFE}.Release|Win32.ActiveCfg = Release|Win32
		{27DBDE9C-CC9A-4632-964A-C5C8843BDAFE}.Release|Win32.Build.0 = Release|Win32
		{FDDC2F39-AA79-4B71-B7F7-A9B71249BCA5}.Debug|Win32.ActiveCfg = Debug|Win32
		{FDDC2F39-AA79-4B71-B7F7-A9B71249BCA5}.Debug|Win32.Build.0 = Debug|Win32
		{FDDC2F39-AA79-4B71-B7F7-A9B71249BCA5}.Release|Win32.ActiveCfg = Release|Win32
		{FDDC2F39-AA79-4B71-B7F7-A9B71249BCA5}.Release|Win32.Build.0 = Release|Win32
		{596E932C-2ACB-4865-99A1-718E4DBC8899}.Debug|Win32.ActiveCfg = Debug|Win32
		{596E932C-2ACB-4865-99A1-718E4DBC8899}.Debug|Win32.Build.0 = Debug|Win32
		{596E932C-2ACB-4865-99A1-718E4DBC8899}.Release|Win32.ActiveCfg = Release|Win32
		{596E932C-2ACB-4865-99A1-718E4DBC8899}.Release|Win32.Build.0 = Release|Win32
		{F75B54B2-AF0F-4D80-A83E-27CB61388F42}.Debug|Win32.ActiveCfg = Debug|Win32
		{F75B54B2-AF0F-4D80-A83E-27CB61388F42}.Debug|Win32.Build.0 = Debug|Win32
		{F75B54B2-AF0F-4D80-A83E-27CB61388F42}.Release|Win32.ActiveCfg = Release|Win32
		{F75B54B2-AF0F-4D80-A83E-27CB61388F42}.Release|Win32.Build.0 = Release|Win32
		{44161EAD-CDAD-4C87-B98F-17DAFD2ED9B9}.Debug|Win32.ActiveCfg = Debug|Win32
		{44161EAD-CDAD-4C87-B98F-17DAFD2ED9B9}.Debug|Win32.Build.0 = Debug|Win32
		{44161EAD-CDAD-4C87-B98F-17DAFD2ED9B9}.Release|Win32.ActiveCfg = Release|Win32
		{44161EAD-CDAD-4C87-B98F-17DAFD2ED9B9}.Release|Win32.Build.0 = Release|Win32
		{6558ED63-8EE7-43DC-82C9-33368D1BD589}.Debug|Win32.ActiveCfg = Debug|Win32
		{6558ED63-8EE7-43DC-82C9-33368D1BD589}.Debug|Win32.Build.0 = Debug|Win32
		{6558ED63-8EE7-43DC-82C9-33368D1BD589}.Release|Win32.ActiveCfg = Release|Win32
		{6558ED63-8EE7-43DC-82C9-33368D1BD589}.Release|Win32.Build.0 = Release|Win32
		{EEA16732-33C1-4856-8FB3-31BACFB43C3B}.Debug|Win32.ActiveCfg = Debug|Win32
		{EEA16732-33C1-4856-8FB3-31BACFB43C3B}.Debug|Win32.Build.0 = Debug|Win32
		{EEA16732-33C1-4856-8FB3-31BACFB43C3B}.Release|Win32.ActiveCfg = Release|Win32
		{EEA16732-33C1-4856-8FB3-31BACFB43C3B}.Release|Win32.Build.0 = Release|Win32
		{02C55476-1A6D-49B8-BE83-01FF70B6D60D}.Debug|Win32.ActiveCfg = Debug|Win32
		{02C55476-1A6D-49B8-BE83-01FF70B6D60D}.Debug|Win32.Build.0 = Debug|Win32
		{02C55476-1A6D-49B8-BE83-01FF70B6D60D}.Release|Win32.ActiveCfg = Release|Win32
		{02C55476-1A6D-49B8-BE83-01FF70B6D60D}.Release|Win32.Build.0 = Release|Win32
		{529CE81F-E61F-460E-9919-442CD85E4C65}.Debug|Win32.ActiveCfg = Debug|Win32
		{529CE81F-E61F-460E-9919-442CD85E4C65}.Debug|Win32.Build.0 = Debug|Win32
		{529CE81F-E61F-460E-9919-442CD85E4C65}.Release|Win32.ActiveCfg = Release|Win32
		{529CE81F-E61F-460E-9919-442CD85E4C65}.Release|Win32.Build.0 = Release|Win32
		{F4F2FF16-431C-4A1C-9CAF-0A28CF05DC1D}.Debug|Win32.ActiveCfg = Debug|Win32
		{F4F2FF16-431C-4A1C-9CAF-0A28CF05DC1D}.Debug|Win32.Build.0 = Debug|Win32
		{F4F2FF16-431C-4A1C-9CAF-0A28CF05DC1D}.Release|Win32.ActiveCfg = Release|Win32
		{F4F2FF16-431C-4A1C-9CAF-0A28CF05DC1D}.Release|Win32.Build.0 = Release|Win32
		{C14102F2-A6B0-430C-A126-8B921E786C64}.Debug|Win32.ActiveCfg = Debug|Win32
		{C14102F2-A6B0-430C-A126-8B921E786C64}.Debug|Win32.Build.0 = Debug|Win32
		{C14102F2-A6B0-430C-A126-8B921E786C64}.Release|Win32.ActiveCfg = Release|Win32
		{C14102F2-A6B0-430C-A126-8B921E786C64}.Release|Win32.Build.0 = Release|Win32
		{B84C0C14-6977-4EF5-95C5-0FC64CE95ABC}.Debug|Win32.ActiveCfg = Debug|Win32
		{B84C0C14-6977-4EF5-95C5-0FC64CE95ABC}.Debug|Win32.Build.0 = Debug|Win32
		{B84C0C14-6977-4EF5-95C5-0FC64CE95ABC}.Release|Win32.ActiveCfg = Release|Win32
		{B84C0C14-6977-4EF5-95C5-0FC64CE95ABC}.Release|Win32.Build.0 = Release|Win32
		{19C4F1E3-95A3-468E-BA8D-FA2DACF0578F}.Debug|Win32.ActiveCfg = Debug|Win32
		{19C4F1E3-95A3-468E-BA8D-FA2DACF0578F}.Debug|Win32.Build.0 = Debug|Win32
		{19C4F1E3-95A3-468E-BA8D-FA2DACF0578F}.Release|Win32.ActiveCfg = Release|Win32
		{19C4F1E3-95A3-468E-BA8D-FA2DACF0578F}.Release|Win32.Build.0 = Release|Win32
		{C86DC34B-91A6-4122-99E4-107C174F6FBB}.Debug|Win32.ActiveCfg = Debug|Win32
		{C86DC34B-91A6-4122-99E4-107C174F6FBB}.Debug|Win32.Build.0 = Debug|Win32
		{C86DC34B-91A6-4122-99E4-107C174F6FBB}.Release|Win32.ActiveCfg = Release|Win32
		{C86DC34B-91A6-4122-99E4-107C174F6FBB}.Release|Win32.Build.0 = Release|Win32
	EndGlobalSection
	GlobalSection(SolutionProperties) = preSolution
		HideSolutionNode = FALSE
	EndGlobalSection
EndGlobal
