
Microsoft Visual Studio Solution File, Format Version 12.00
# Visual Studio 2013
VisualStudioVersion = 12.0.30723.0
MinimumVisualStudioVersion = 10.0.40219.1
Project("{8BC9CEB8-8B4A-11D0-8D11-00A0C91BC942}") = "01.GalacticGPS", "01.GalacticGPS\01.GalacticGPS.vcxproj", "{61C27208-5E4D-46E2-B781-214BF31994DB}"
EndProject
Project("{8BC9CEB8-8B4A-11D0-8D11-00A0C91BC942}") = "02.FractionCalculator", "02.FractionCalculator\02.FractionCalculator.vcxproj", "{12F6C835-038D-48D5-80B5-9121DDF2D0CE}"
EndProject
Project("{8BC9CEB8-8B4A-11D0-8D11-00A0C91BC942}") = "03.GenericList", "03.GenericList\03.GenericList.vcxproj", "{657AB94B-FE48-490A-8FC0-906317A0A7F2}"
EndProject
Global
	GlobalSection(SolutionConfigurationPlatforms) = preSolution
		Debug|Win32 = Debug|Win32
		Release|Win32 = Release|Win32
	EndGlobalSection
	GlobalSection(ProjectConfigurationPlatforms) = postSolution
		{61C27208-5E4D-46E2-B781-214BF31994DB}.Debug|Win32.ActiveCfg = Debug|Win32
		{61C27208-5E4D-46E2-B781-214BF31994DB}.Debug|Win32.Build.0 = Debug|Win32
		{61C27208-5E4D-46E2-B781-214BF31994DB}.Release|Win32.ActiveCfg = Release|Win32
		{61C27208-5E4D-46E2-B781-214BF31994DB}.Release|Win32.Build.0 = Release|Win32
		{12F6C835-038D-48D5-80B5-9121DDF2D0CE}.Debug|Win32.ActiveCfg = Debug|Win32
		{12F6C835-038D-48D5-80B5-9121DDF2D0CE}.Debug|Win32.Build.0 = Debug|Win32
		{12F6C835-038D-48D5-80B5-9121DDF2D0CE}.Release|Win32.ActiveCfg = Release|Win32
		{12F6C835-038D-48D5-80B5-9121DDF2D0CE}.Release|Win32.Build.0 = Release|Win32
		{657AB94B-FE48-490A-8FC0-906317A0A7F2}.Debug|Win32.ActiveCfg = Debug|Win32
		{657AB94B-FE48-490A-8FC0-906317A0A7F2}.Debug|Win32.Build.0 = Debug|Win32
		{657AB94B-FE48-490A-8FC0-906317A0A7F2}.Release|Win32.ActiveCfg = Release|Win32
		{657AB94B-FE48-490A-8FC0-906317A0A7F2}.Release|Win32.Build.0 = Release|Win32
	EndGlobalSection
	GlobalSection(SolutionProperties) = preSolution
		HideSolutionNode = FALSE
	EndGlobalSection
EndGlobal
